// !$*UTF8*$!
{
	archiveVersion = 1;
	classes = {
	};
	objectVersion = 50;
	objects = {

/* Begin PBXBuildFile section */
		3B5CA1D122FC1BE700E16F13 /* WindowController.swift in Sources */ = {isa = PBXBuildFile; fileRef = 3B5CA1D022FC1BE700E16F13 /* WindowController.swift */; };
		3BD63BA922FB0324005D0090 /* AppDelegate.swift in Sources */ = {isa = PBXBuildFile; fileRef = 3BD63BA822FB0324005D0090 /* AppDelegate.swift */; };
		3BD63BAB22FB0324005D0090 /* ViewController.swift in Sources */ = {isa = PBXBuildFile; fileRef = 3BD63BAA22FB0324005D0090 /* ViewController.swift */; };
		3BD63BAD22FB032B005D0090 /* Assets.xcassets in Resources */ = {isa = PBXBuildFile; fileRef = 3BD63BAC22FB032B005D0090 /* Assets.xcassets */; };
		3BD63BB022FB032B005D0090 /* Main.storyboard in Resources */ = {isa = PBXBuildFile; fileRef = 3BD63BAE22FB032B005D0090 /* Main.storyboard */; };
		3BD63BB922FB10F9005D0090 /* Network.swift in Sources */ = {isa = PBXBuildFile; fileRef = 3BD63BB822FB10F9005D0090 /* Network.swift */; };
		3BEF047F22FCBA9000B35ACC /* PasswordHistory.swift in Sources */ = {isa = PBXBuildFile; fileRef = 3BEF047E22FCBA9000B35ACC /* PasswordHistory.swift */; };
/* End PBXBuildFile section */

/* Begin PBXFileReference section */
		3B5CA1D022FC1BE700E16F13 /* WindowController.swift */ = {isa = PBXFileReference; lastKnownFileType = sourcecode.swift; path = WindowController.swift; sourceTree = "<group>"; };
		3BD63BA522FB0324005D0090 /* IAPReceiptValidator.app */ = {isa = PBXFileReference; explicitFileType = wrapper.application; includeInIndex = 0; path = IAPReceiptValidator.app; sourceTree = BUILT_PRODUCTS_DIR; };
		3BD63BA822FB0324005D0090 /* AppDelegate.swift */ = {isa = PBXFileReference; lastKnownFileType = sourcecode.swift; path = AppDelegate.swift; sourceTree = "<group>"; };
		3BD63BAA22FB0324005D0090 /* ViewController.swift */ = {isa = PBXFileReference; lastKnownFileType = sourcecode.swift; path = ViewController.swift; sourceTree = "<group>"; };
		3BD63BAC22FB032B005D0090 /* Assets.xcassets */ = {isa = PBXFileReference; lastKnownFileType = folder.assetcatalog; path = Assets.xcassets; sourceTree = "<group>"; };
		3BD63BAF22FB032B005D0090 /* Base */ = {isa = PBXFileReference; lastKnownFileType = file.storyboard; name = Base; path = Base.lproj/Main.storyboard; sourceTree = "<group>"; };
		3BD63BB122FB032B005D0090 /* Info.plist */ = {isa = PBXFileReference; lastKnownFileType = text.plist.xml; path = Info.plist; sourceTree = "<group>"; };
		3BD63BB222FB032B005D0090 /* IAPReceiptValidator.entitlements */ = {isa = PBXFileReference; lastKnownFileType = text.plist.entitlements; path = IAPReceiptValidator.entitlements; sourceTree = "<group>"; };
		3BD63BB822FB10F9005D0090 /* Network.swift */ = {isa = PBXFileReference; lastKnownFileType = sourcecode.swift; path = Network.swift; sourceTree = "<group>"; };
		3BEF047E22FCBA9000B35ACC /* PasswordHistory.swift */ = {isa = PBXFileReference; lastKnownFileType = sourcecode.swift; path = PasswordHistory.swift; sourceTree = "<group>"; };
/* End PBXFileReference section */

/* Begin PBXFrameworksBuildPhase section */
		3BD63BA222FB0323005D0090 /* Frameworks */ = {
			isa = PBXFrameworksBuildPhase;
			buildActionMask = 2147483647;
			files = (
			);
			runOnlyForDeploymentPostprocessing = 0;
		};
/* End PBXFrameworksBuildPhase section */

/* Begin PBXGroup section */
		3BD63B9C22FB0323005D0090 = {
			isa = PBXGroup;
			children = (
				3BD63BA722FB0324005D0090 /* IAPReceiptValidator */,
				3BD63BA622FB0324005D0090 /* Products */,
			);
			sourceTree = "<group>";
		};
		3BD63BA622FB0324005D0090 /* Products */ = {
			isa = PBXGroup;
			children = (
				3BD63BA522FB0324005D0090 /* IAPReceiptValidator.app */,
			);
			name = Products;
			sourceTree = "<group>";
		};
		3BD63BA722FB0324005D0090 /* IAPReceiptValidator */ = {
			isa = PBXGroup;
			children = (
				3BD63BA822FB0324005D0090 /* AppDelegate.swift */,
				3BD63BAA22FB0324005D0090 /* ViewController.swift */,
				3B5CA1D022FC1BE700E16F13 /* WindowController.swift */,
				3BD63BB822FB10F9005D0090 /* Network.swift */,
				3BEF047E22FCBA9000B35ACC /* PasswordHistory.swift */,
				3BD63BAC22FB032B005D0090 /* Assets.xcassets */,
				3BD63BAE22FB032B005D0090 /* Main.storyboard */,
				3BD63BB122FB032B005D0090 /* Info.plist */,
				3BD63BB222FB032B005D0090 /* IAPReceiptValidator.entitlements */,
			);
			path = IAPReceiptValidator;
			sourceTree = "<group>";
		};
/* End PBXGroup section */

/* Begin PBXNativeTarget section */
		3BD63BA422FB0323005D0090 /* IAPReceiptValidator */ = {
			isa = PBXNativeTarget;
			buildConfigurationList = 3BD63BB522FB032B005D0090 /* Build configuration list for PBXNativeTarget "IAPReceiptValidator" */;
			buildPhases = (
				3BD63BA122FB0323005D0090 /* Sources */,
				3BD63BA222FB0323005D0090 /* Frameworks */,
				3BD63BA322FB0323005D0090 /* Resources */,
			);
			buildRules = (
			);
			dependencies = (
			);
			name = IAPReceiptValidator;
			productName = IAPReceiptValidator;
			productReference = 3BD63BA522FB0324005D0090 /* IAPReceiptValidator.app */;
			productType = "com.apple.product-type.application";
		};
/* End PBXNativeTarget section */

/* Begin PBXProject section */
		3BD63B9D22FB0323005D0090 /* Project object */ = {
			isa = PBXProject;
			attributes = {
				LastSwiftUpdateCheck = 1010;
				LastUpgradeCheck = 1010;
				ORGANIZATIONNAME = "Alin Radut";
				TargetAttributes = {
					3BD63BA422FB0323005D0090 = {
						CreatedOnToolsVersion = 10.1;
						SystemCapabilities = {
							com.apple.Sandbox = {
								enabled = 1;
							};
						};
					};
				};
			};
			buildConfigurationList = 3BD63BA022FB0323005D0090 /* Build configuration list for PBXProject "IAPReceiptValidator" */;
			compatibilityVersion = "Xcode 9.3";
			developmentRegion = en;
			hasScannedForEncodings = 0;
			knownRegions = (
				en,
				Base,
			);
			mainGroup = 3BD63B9C22FB0323005D0090;
			productRefGroup = 3BD63BA622FB0324005D0090 /* Products */;
			projectDirPath = "";
			projectRoot = "";
			targets = (
				3BD63BA422FB0323005D0090 /* IAPReceiptValidator */,
			);
		};
/* End PBXProject section */

/* Begin PBXResourcesBuildPhase section */
		3BD63BA322FB0323005D0090 /* Resources */ = {
			isa = PBXResourcesBuildPhase;
			buildActionMask = 2147483647;
			files = (
				3BD63BAD22FB032B005D0090 /* Assets.xcassets in Resources */,
				3BD63BB022FB032B005D0090 /* Main.storyboard in Resources */,
			);
			runOnlyForDeploymentPostprocessing = 0;
		};
/* End PBXResourcesBuildPhase section */

/* Begin PBXSourcesBuildPhase section */
		3BD63BA122FB0323005D0090 /* Sources */ = {
			isa = PBXSourcesBuildPhase;
			buildActionMask = 2147483647;
			files = (
				3BEF047F22FCBA9000B35ACC /* PasswordHistory.swift in Sources */,
				3BD63BAB22FB0324005D0090 /* ViewController.swift in Sources */,
				3B5CA1D122FC1BE700E16F13 /* WindowController.swift in Sources */,
				3BD63BA922FB0324005D0090 /* AppDelegate.swift in Sources */,
				3BD63BB922FB10F9005D0090 /* Network.swift in Sources */,
			);
			runOnlyForDeploymentPostprocessing = 0;
		};
/* End PBXSourcesBuildPhase section */

/* Begin PBXVariantGroup section */
		3BD63BAE22FB032B005D0090 /* Main.storyboard */ = {
			isa = PBXVariantGroup;
			children = (
				3BD63BAF22FB032B005D0090 /* Base */,
			);
			name = Main.storyboard;
			sourceTree = "<group>";
		};
/* End PBXVariantGroup section */

/* Begin XCBuildConfiguration section */
		3BD63BB322FB032B005D0090 /* Debug */ = {
			isa = XCBuildConfiguration;
			buildSettings = {
				ALWAYS_SEARCH_USER_PATHS = NO;
				CLANG_ANALYZER_NONNULL = YES;
				CLANG_ANALYZER_NUMBER_OBJECT_CONVERSION = YES_AGGRESSIVE;
				CLANG_CXX_LANGUAGE_STANDARD = "gnu++14";
				CLANG_CXX_LIBRARY = "libc++";
				CLANG_ENABLE_MODULES = YES;
				CLANG_ENABLE_OBJC_ARC = YES;
				CLANG_ENABLE_OBJC_WEAK = YES;
				CLANG_WARN_BLOCK_CAPTURE_AUTORELEASING = YES;
				CLANG_WARN_BOOL_CONVERSION = YES;
				CLANG_WARN_COMMA = YES;
				CLANG_WARN_CONSTANT_CONVERSION = YES;
				CLANG_WARN_DEPRECATED_OBJC_IMPLEMENTATIONS = YES;
				CLANG_WARN_DIRECT_OBJC_ISA_USAGE = YES_ERROR;
				CLANG_WARN_DOCUMENTATION_COMMENTS = YES;
				CLANG_WARN_EMPTY_BODY = YES;
				CLANG_WARN_ENUM_CONVERSION = YES;
				CLANG_WARN_INFINITE_RECURSION = YES;
				CLANG_WARN_INT_CONVERSION = YES;
				CLANG_WARN_NON_LITERAL_NULL_CONVERSION = YES;
				CLANG_WARN_OBJC_IMPLICIT_RETAIN_SELF = YES;
				CLANG_WARN_OBJC_LITERAL_CONVERSION = YES;
				CLANG_WARN_OBJC_ROOT_CLASS = YES_ERROR;
				CLANG_WARN_RANGE_LOOP_ANALYSIS = YES;
				CLANG_WARN_STRICT_PROTOTYPES = YES;
				CLANG_WARN_SUSPICIOUS_MOVE = YES;
				CLANG_WARN_UNGUARDED_AVAILABILITY = YES_AGGRESSIVE;
				CLANG_WARN_UNREACHABLE_CODE = YES;
				CLANG_WARN__DUPLICATE_METHOD_MATCH = YES;
				CODE_SIGN_IDENTITY = "Mac Developer";
				COPY_PHASE_STRIP = NO;
				DEBUG_INFORMATION_FORMAT = dwarf;
				ENABLE_STRICT_OBJC_MSGSEND = YES;
				ENABLE_TESTABILITY = YES;
				GCC_C_LANGUAGE_STANDARD = gnu11;
				GCC_DYNAMIC_NO_PIC = NO;
				GCC_NO_COMMON_BLOCKS = YES;
				GCC_OPTIMIZATION_LEVEL = 0;
				GCC_PREPROCESSOR_DEFINITIONS = (
					"DEBUG=1",
					"$(inherited)",
				);
				GCC_WARN_64_TO_32_BIT_CONVERSION = YES;
				GCC_WARN_ABOUT_RETURN_TYPE = YES_ERROR;
				GCC_WARN_UNDECLARED_SELECTOR = YES;
				GCC_WARN_UNINITIALIZED_AUTOS = YES_AGGRESSIVE;
				GCC_WARN_UNUSED_FUNCTION = YES;
				GCC_WARN_UNUSED_VARIABLE = YES;
				MACOSX_DEPLOYMENT_TARGET = 10.11;
				MTL_ENABLE_DEBUG_INFO = INCLUDE_SOURCE;
				MTL_FAST_MATH = YES;
				ONLY_ACTIVE_ARCH = YES;
				SDKROOT = macosx;
				SWIFT_ACTIVE_COMPILATION_CONDITIONS = DEBUG;
				SWIFT_OPTIMIZATION_LEVEL = "-Onone";
			};
			name = Debug;
		};
		3BD63BB422FB032B005D0090 /* Release */ = {
			isa = XCBuildConfiguration;
			buildSettings = {
				ALWAYS_SEARCH_USER_PATHS = NO;
				CLANG_ANALYZER_NONNULL = YES;
				CLANG_ANALYZER_NUMBER_OBJECT_CONVERSION = YES_AGGRESSIVE;
				CLANG_CXX_LANGUAGE_STANDARD = "gnu++14";
				CLANG_CXX_LIBRARY = "libc++";
				CLANG_ENABLE_MODULES = YES;
				CLANG_ENABLE_OBJC_ARC = YES;
				CLANG_ENABLE_OBJC_WEAK = YES;
				CLANG_WARN_BLOCK_CAPTURE_AUTORELEASING = YES;
				CLANG_WARN_BOOL_CONVERSION = YES;
				CLANG_WARN_COMMA = YES;
				CLANG_WARN_CONSTANT_CONVERSION = YES;
				CLANG_WARN_DEPRECATED_OBJC_IMPLEMENTATIONS = YES;
				CLANG_WARN_DIRECT_OBJC_ISA_USAGE = YES_ERROR;
				CLANG_WARN_DOCUMENTATION_COMMENTS = YES;
				CLANG_WARN_EMPTY_BODY = YES;
				CLANG_WARN_ENUM_CONVERSION = YES;
				CLANG_WARN_INFINITE_RECURSION = YES;
				CLANG_WARN_INT_CONVERSION = YES;
				CLANG_WARN_NON_LITERAL_NULL_CONVERSION = YES;
				CLANG_WARN_OBJC_IMPLICIT_RETAIN_SELF = YES;
				CLANG_WARN_OBJC_LITERAL_CONVERSION = YES;
				CLANG_WARN_OBJC_ROOT_CLASS = YES_ERROR;
				CLANG_WARN_RANGE_LOOP_ANALYSIS = YES;
				CLANG_WARN_STRICT_PROTOTYPES = YES;
				CLANG_WARN_SUSPICIOUS_MOVE = YES;
				CLANG_WARN_UNGUARDED_AVAILABILITY = YES_AGGRESSIVE;
				CLANG_WARN_UNREACHABLE_CODE = YES;
				CLANG_WARN__DUPLICATE_METHOD_MATCH = YES;
				CODE_SIGN_IDENTITY = "Mac Developer";
				COPY_PHASE_STRIP = NO;
				DEBUG_INFORMATION_FORMAT = "dwarf-with-dsym";
				ENABLE_NS_ASSERTIONS = NO;
				ENABLE_STRICT_OBJC_MSGSEND = YES;
				GCC_C_LANGUAGE_STANDARD = gnu11;
				GCC_NO_COMMON_BLOCKS = YES;
				GCC_WARN_64_TO_32_BIT_CONVERSION = YES;
				GCC_WARN_ABOUT_RETURN_TYPE = YES_ERROR;
				GCC_WARN_UNDECLARED_SELECTOR = YES;
				GCC_WARN_UNINITIALIZED_AUTOS = YES_AGGRESSIVE;
				GCC_WARN_UNUSED_FUNCTION = YES;
				GCC_WARN_UNUSED_VARIABLE = YES;
				MACOSX_DEPLOYMENT_TARGET = 10.11;
				MTL_ENABLE_DEBUG_INFO = NO;
				MTL_FAST_MATH = YES;
				SDKROOT = macosx;
				SWIFT_COMPILATION_MODE = wholemodule;
				SWIFT_OPTIMIZATION_LEVEL = "-O";
			};
			name = Release;
		};
		3BD63BB622FB032B005D0090 /* Debug */ = {
			isa = XCBuildConfiguration;
			buildSettings = {
				ASSETCATALOG_COMPILER_APPICON_NAME = AppIcon;
				CODE_SIGN_ENTITLEMENTS = IAPReceiptValidator/IAPReceiptValidator.entitlements;
				CODE_SIGN_IDENTITY = "Mac Developer";
				CODE_SIGN_STYLE = Manual;
				COMBINE_HIDPI_IMAGES = YES;
				DEVELOPMENT_TEAM = V9Y9MXCH3R;
				INFOPLIST_FILE = IAPReceiptValidator/Info.plist;
				LD_RUNPATH_SEARCH_PATHS = (
					"$(inherited)",
					"@executable_path/../Frameworks",
				);
				PRODUCT_BUNDLE_IDENTIFIER = com.example.IAPReceiptValidator;
				PRODUCT_NAME = "$(TARGET_NAME)";
				PROVISIONING_PROFILE_SPECIFIER = "";
				SWIFT_VERSION = 4.2;
			};
			name = Debug;
		};
		3BD63BB722FB032B005D0090 /* Release */ = {
			isa = XCBuildConfiguration;
			buildSettings = {
				ASSETCATALOG_COMPILER_APPICON_NAME = AppIcon;
				CODE_SIGN_ENTITLEMENTS = IAPReceiptValidator/IAPReceiptValidator.entitlements;
				CODE_SIGN_IDENTITY = "Mac Developer";
				CODE_SIGN_STYLE = Manual;
				COMBINE_HIDPI_IMAGES = YES;
				DEVELOPMENT_TEAM = V9Y9MXCH3R;
				INFOPLIST_FILE = IAPReceiptValidator/Info.plist;
				LD_RUNPATH_SEARCH_PATHS = (
					"$(inherited)",
					"@executable_path/../Frameworks",
				);
				PRODUCT_BUNDLE_IDENTIFIER = com.example.IAPReceiptValidator;
				PRODUCT_NAME = "$(TARGET_NAME)";
				PROVISIONING_PROFILE_SPECIFIER = "";
				SWIFT_VERSION = 4.2;
			};
			name = Release;
		};
/* End XCBuildConfiguration section */

/* Begin XCConfigurationList section */
		3BD63BA022FB0323005D0090 /* Build configuration list for PBXProject "IAPReceiptValidator" */ = {
			isa = XCConfigurationList;
			buildConfigurations = (
				3BD63BB322FB032B005D0090 /* Debug */,
				3BD63BB422FB032B005D0090 /* Release */,
			);
			defaultConfigurationIsVisible = 0;
			defaultConfigurationName = Release;
		};
		3BD63BB522FB032B005D0090 /* Build configuration list for PBXNativeTarget "IAPReceiptValidator" */ = {
			isa = XCConfigurationList;
			buildConfigurations = (
				3BD63BB622FB032B005D0090 /* Debug */,
				3BD63BB722FB032B005D0090 /* Release */,
			);
			defaultConfigurationIsVisible = 0;
			defaultConfigurationName = Release;
		};
/* End XCConfigurationList section */
	};
	rootObject = 3BD63B9D22FB0323005D0090 /* Project object */;
}
